
Microsoft Visual Studio Solution File, Format Version 11.00
# Visual Studio 2010
Project("{FAE04EC0-301F-11D3-BF4B-00C04F79EFBC}") = "QLBanHang", "QLBanHang.csproj", "{CF358A00-E516-4844-B8B0-16EBAFED524F}"
EndProject
Project("{54435603-DBB4-11D2-8724-00A0C9A8B90C}") = "QLCuaHang", "..\..\..\..\QLCuaHang\QLCuaHang.vdproj", "{80CCE655-1BBF-4DA1-BB73-4819552696BA}"
EndProject
Global
	GlobalSection(SolutionConfigurationPlatforms) = preSolution
		Debug|x86 = Debug|x86
		Release|x86 = Release|x86
	EndGlobalSection
	GlobalSection(ProjectConfigurationPlatforms) = postSolution
		{CF358A00-E516-4844-B8B0-16EBAFED524F}.Debug|x86.ActiveCfg = Debug|x86
		{CF358A00-E516-4844-B8B0-16EBAFED524F}.Debug|x86.Build.0 = Debug|x86
		{CF358A00-E516-4844-B8B0-16EBAFED524F}.Release|x86.ActiveCfg = Release|x86
		{CF358A00-E516-4844-B8B0-16EBAFED524F}.Release|x86.Build.0 = Release|x86
		{80CCE655-1BBF-4DA1-BB73-4819552696BA}.Debug|x86.ActiveCfg = Debug
		{80CCE655-1BBF-4DA1-BB73-4819552696BA}.Release|x86.ActiveCfg = Release
	EndGlobalSection
	GlobalSection(SolutionProperties) = preSolution
		HideSolutionNode = FALSE
	EndGlobalSection
EndGlobal
